# THIS IS AN AUTOGENERATED FILE. DO NOT EDIT THIS FILE DIRECTLY.
# yarn lockfile v1


"@datapunt/matomo-tracker-js@^0.0.16":
  version "0.0.16"
  resolved "https://registry.yarnpkg.com/@datapunt/matomo-tracker-js/-/matomo-tracker-js-0.0.16.tgz#efcd899dda0ec34f27605c1ec346e80b0e3b0255"
  integrity sha512-vZVhZKOt77C8PPhjfQAU13eUU5b8zMrzDkHBqbamRRWS61xsPsQ6BkNMNNsNWbj7grd5JSEGQhmJeA2FiMIZQQ==

"@datapunt/matomo-tracker-react@0.0.16":
  version "0.0.16"
  resolved "https://registry.yarnpkg.com/@datapunt/matomo-tracker-react/-/matomo-tracker-react-0.0.16.tgz#6d155f69713f708a674a5d2c12739c5e867a494d"
  integrity sha512-l/MYOZNiN5ZjavW+j/7tuZ/ivlAal+pRvGtA4SPg0cdJS6zF6xegeEhCgmmX9rJ0uFYs3jG7yCSqHzVgACStuw==
  dependencies:
    "@datapunt/matomo-tracker-js" "^0.0.16"
